
Microsoft Visual Studio Solution File, Format Version 12.00
# Visual Studio 15
VisualStudioVersion = 15.0.28010.2003
MinimumVisualStudioVersion = 10.0.40219.1
Project("{FAE04EC0-301F-11D3-BF4B-00C04F79EFBC}") = "SatlockApp.Android", "SatlockApp\SatlockApp.Android\SatlockApp.Android.csproj", "{BA264A3D-9C38-4AB2-8EA1-C732D66776B1}"
EndProject
Project("{FAE04EC0-301F-11D3-BF4B-00C04F79EFBC}") = "SatlockApp.iOS", "SatlockApp\SatlockApp.iOS\SatlockApp.iOS.csproj", "{6A3AD676-3467-4C5F-A337-A00BC2B2A228}"
EndProject
Project("{FAE04EC0-301F-11D3-BF4B-00C04F79EFBC}") = "SatlockApp", "SatlockApp\SatlockApp\SatlockApp.csproj", "{15B5E7F0-0E01-419D-997C-F2AF67887E37}"
EndProject
Global
	GlobalSection(SolutionConfigurationPlatforms) = preSolution
		Ad-Hoc|Any CPU = Ad-Hoc|Any CPU
		Ad-Hoc|iPhone = Ad-Hoc|iPhone
		Ad-Hoc|iPhoneSimulator = Ad-Hoc|iPhoneSimulator
		AppStore|Any CPU = AppStore|Any CPU
		AppStore|iPhone = AppStore|iPhone
		AppStore|iPhoneSimulator = AppStore|iPhoneSimulator
		Debug|Any CPU = Debug|Any CPU
		Debug|iPhone = Debug|iPhone
		Debug|iPhoneSimulator = Debug|iPhoneSimulator
		Release|Any CPU = Release|Any CPU
		Release|iPhone = Release|iPhone
		Release|iPhoneSimulator = Release|iPhoneSimulator
	EndGlobalSection
	GlobalSection(ProjectConfigurationPlatforms) = postSolution
		{BA264A3D-9C38-4AB2-8EA1-C732D66776B1}.Ad-Hoc|Any CPU.ActiveCfg = Release|Any CPU
		{BA264A3D-9C38-4AB2-8EA1-C732D66776B1}.Ad-Hoc|Any CPU.Build.0 = Release|Any CPU
		{BA264A3D-9C38-4AB2-8EA1-C732D66776B1}.Ad-Hoc|Any CPU.Deploy.0 = Release|Any CPU
		{BA264A3D-9C38-4AB2-8EA1-C732D66776B1}.Ad-Hoc|iPhone.ActiveCfg = Release|Any CPU
		{BA264A3D-9C38-4AB2-8EA1-C732D66776B1}.Ad-Hoc|iPhone.Build.0 = Release|Any CPU
		{BA264A3D-9C38-4AB2-8EA1-C732D66776B1}.Ad-Hoc|iPhone.Deploy.0 = Release|Any CPU
		{BA264A3D-9C38-4AB2-8EA1-C732D66776B1}.Ad-Hoc|iPhoneSimulator.ActiveCfg = Release|Any CPU
		{BA264A3D-9C38-4AB2-8EA1-C732D66776B1}.Ad-Hoc|iPhoneSimulator.Build.0 = Release|Any CPU
		{BA264A3D-9C38-4AB2-8EA1-C732D66776B1}.Ad-Hoc|iPhoneSimulator.Deploy.0 = Release|Any CPU
		{BA264A3D-9C38-4AB2-8EA1-C732D66776B1}.AppStore|Any CPU.ActiveCfg = Release|Any CPU
		{BA264A3D-9C38-4AB2-8EA1-C732D66776B1}.AppStore|Any CPU.Build.0 = Release|Any CPU
		{BA264A3D-9C38-4AB2-8EA1-C732D66776B1}.AppStore|Any CPU.Deploy.0 = Release|Any CPU
		{BA264A3D-9C38-4AB2-8EA1-C732D66776B1}.AppStore|iPhone.ActiveCfg = Release|Any CPU
		{BA264A3D-9C38-4AB2-8EA1-C732D66776B1}.AppStore|iPhone.Build.0 = Release|Any CPU
		{BA264A3D-9C38-4AB2-8EA1-C732D66776B1}.AppStore|iPhone.Deploy.0 = Release|Any CPU
		{BA264A3D-9C38-4AB2-8EA1-C732D66776B1}.AppStore|iPhoneSimulator.ActiveCfg = Release|Any CPU
		{BA264A3D-9C38-4AB2-8EA1-C732D66776B1}.AppStore|iPhoneSimulator.Build.0 = Release|Any CPU
		{BA264A3D-9C38-4AB2-8EA1-C732D66776B1}.AppStore|iPhoneSimulator.Deploy.0 = Release|Any CPU
		{BA264A3D-9C38-4AB2-8EA1-C732D66776B1}.Debug|Any CPU.ActiveCfg = Debug|Any CPU
		{BA264A3D-9C38-4AB2-8EA1-C732D66776B1}.Debug|Any CPU.Build.0 = Debug|Any CPU
		{BA264A3D-9C38-4AB2-8EA1-C732D66776B1}.Debug|Any CPU.Deploy.0 = Debug|Any CPU
		{BA264A3D-9C38-4AB2-8EA1-C732D66776B1}.Debug|iPhone.ActiveCfg = Debug|Any CPU
		{BA264A3D-9C38-4AB2-8EA1-C732D66776B1}.Debug|iPhone.Build.0 = Debug|Any CPU
		{BA264A3D-9C38-4AB2-8EA1-C732D66776B1}.Debug|iPhone.Deploy.0 = Debug|Any CPU
		{BA264A3D-9C38-4AB2-8EA1-C732D66776B1}.Debug|iPhoneSimulator.ActiveCfg = Debug|Any CPU
		{BA264A3D-9C38-4AB2-8EA1-C732D66776B1}.Debug|iPhoneSimulator.Build.0 = Debug|Any CPU
		{BA264A3D-9C38-4AB2-8EA1-C732D66776B1}.Debug|iPhoneSimulator.Deploy.0 = Debug|Any CPU
		{BA264A3D-9C38-4AB2-8EA1-C732D66776B1}.Release|Any CPU.ActiveCfg = Release|Any CPU
		{BA264A3D-9C38-4AB2-8EA1-C732D66776B1}.Release|Any CPU.Build.0 = Release|Any CPU
		{BA264A3D-9C38-4AB2-8EA1-C732D66776B1}.Release|Any CPU.Deploy.0 = Release|Any CPU
		{BA264A3D-9C38-4AB2-8EA1-C732D66776B1}.Release|iPhone.ActiveCfg = Release|Any CPU
		{BA264A3D-9C38-4AB2-8EA1-C732D66776B1}.Release|iPhone.Build.0 = Release|Any CPU
		{BA264A3D-9C38-4AB2-8EA1-C732D66776B1}.Release|iPhone.Deploy.0 = Release|Any CPU
		{BA264A3D-9C38-4AB2-8EA1-C732D66776B1}.Release|iPhoneSimulator.ActiveCfg = Release|Any CPU
		{BA264A3D-9C38-4AB2-8EA1-C732D66776B1}.Release|iPhoneSimulator.Build.0 = Release|Any CPU
		{BA264A3D-9C38-4AB2-8EA1-C732D66776B1}.Release|iPhoneSimulator.Deploy.0 = Release|Any CPU
		{6A3AD676-3467-4C5F-A337-A00BC2B2A228}.Ad-Hoc|Any CPU.ActiveCfg = Ad-Hoc|iPhone
		{6A3AD676-3467-4C5F-A337-A00BC2B2A228}.Ad-Hoc|Any CPU.Build.0 = Ad-Hoc|iPhone
		{6A3AD676-3467-4C5F-A337-A00BC2B2A228}.Ad-Hoc|Any CPU.Deploy.0 = Ad-Hoc|iPhone
		{6A3AD676-3467-4C5F-A337-A00BC2B2A228}.Ad-Hoc|iPhone.ActiveCfg = Ad-Hoc|iPhone
		{6A3AD676-3467-4C5F-A337-A00BC2B2A228}.Ad-Hoc|iPhone.Build.0 = Ad-Hoc|iPhone
		{6A3AD676-3467-4C5F-A337-A00BC2B2A228}.Ad-Hoc|iPhone.Deploy.0 = Ad-Hoc|iPhone
		{6A3AD676-3467-4C5F-A337-A00BC2B2A228}.Ad-Hoc|iPhoneSimulator.ActiveCfg = Ad-Hoc|iPhoneSimulator
		{6A3AD676-3467-4C5F-A337-A00BC2B2A228}.Ad-Hoc|iPhoneSimulator.Build.0 = Ad-Hoc|iPhoneSimulator
		{6A3AD676-3467-4C5F-A337-A00BC2B2A228}.Ad-Hoc|iPhoneSimulator.Deploy.0 = Ad-Hoc|iPhoneSimulator
		{6A3AD676-3467-4C5F-A337-A00BC2B2A228}.AppStore|Any CPU.ActiveCfg = AppStore|iPhone
		{6A3AD676-3467-4C5F-A337-A00BC2B2A228}.AppStore|Any CPU.Build.0 = AppStore|iPhone
		{6A3AD676-3467-4C5F-A337-A00BC2B2A228}.AppStore|Any CPU.Deploy.0 = AppStore|iPhone
		{6A3AD676-3467-4C5F-A337-A00BC2B2A228}.AppStore|iPhone.ActiveCfg = AppStore|iPhone
		{6A3AD676-3467-4C5F-A337-A00BC2B2A228}.AppStore|iPhone.Build.0 = AppStore|iPhone
		{6A3AD676-3467-4C5F-A337-A00BC2B2A228}.AppStore|iPhone.Deploy.0 = AppStore|iPhone
		{6A3AD676-3467-4C5F-A337-A00BC2B2A228}.AppStore|iPhoneSimulator.ActiveCfg = AppStore|iPhoneSimulator
		{6A3AD676-3467-4C5F-A337-A00BC2B2A228}.AppStore|iPhoneSimulator.Build.0 = AppStore|iPhoneSimulator
		{6A3AD676-3467-4C5F-A337-A00BC2B2A228}.AppStore|iPhoneSimulator.Deploy.0 = AppStore|iPhoneSimulator
		{6A3AD676-3467-4C5F-A337-A00BC2B2A228}.Debug|Any CPU.ActiveCfg = Debug|iPhoneSimulator
		{6A3AD676-3467-4C5F-A337-A00BC2B2A228}.Debug|Any CPU.Build.0 = Debug|iPhoneSimulator
		{6A3AD676-3467-4C5F-A337-A00BC2B2A228}.Debug|Any CPU.Deploy.0 = Debug|iPhoneSimulator
		{6A3AD676-3467-4C5F-A337-A00BC2B2A228}.Debug|iPhone.ActiveCfg = Debug|iPhone
		{6A3AD676-3467-4C5F-A337-A00BC2B2A228}.Debug|iPhone.Build.0 = Debug|iPhone
		{6A3AD676-3467-4C5F-A337-A00BC2B2A228}.Debug|iPhone.Deploy.0 = Debug|iPhone
		{6A3AD676-3467-4C5F-A337-A00BC2B2A228}.Debug|iPhoneSimulator.ActiveCfg = Debug|iPhoneSimulator
		{6A3AD676-3467-4C5F-A337-A00BC2B2A228}.Debug|iPhoneSimulator.Build.0 = Debug|iPhoneSimulator
		{6A3AD676-3467-4C5F-A337-A00BC2B2A228}.Debug|iPhoneSimulator.Deploy.0 = Debug|iPhoneSimulator
		{6A3AD676-3467-4C5F-A337-A00BC2B2A228}.Release|Any CPU.ActiveCfg = Release|iPhone
		{6A3AD676-3467-4C5F-A337-A00BC2B2A228}.Release|Any CPU.Build.0 = Release|iPhone
		{6A3AD676-3467-4C5F-A337-A00BC2B2A228}.Release|Any CPU.Deploy.0 = Release|iPhone
		{6A3AD676-3467-4C5F-A337-A00BC2B2A228}.Release|iPhone.ActiveCfg = Release|iPhone
		{6A3AD676-3467-4C5F-A337-A00BC2B2A228}.Release|iPhone.Build.0 = Release|iPhone
		{6A3AD676-3467-4C5F-A337-A00BC2B2A228}.Release|iPhone.Deploy.0 = Release|iPhone
		{6A3AD676-3467-4C5F-A337-A00BC2B2A228}.Release|iPhoneSimulator.ActiveCfg = Release|iPhoneSimulator
		{6A3AD676-3467-4C5F-A337-A00BC2B2A228}.Release|iPhoneSimulator.Build.0 = Release|iPhoneSimulator
		{6A3AD676-3467-4C5F-A337-A00BC2B2A228}.Release|iPhoneSimulator.Deploy.0 = Release|iPhoneSimulator
		{15B5E7F0-0E01-419D-997C-F2AF67887E37}.Ad-Hoc|Any CPU.ActiveCfg = Debug|Any CPU
		{15B5E7F0-0E01-419D-997C-F2AF67887E37}.Ad-Hoc|Any CPU.Build.0 = Debug|Any CPU
		{15B5E7F0-0E01-419D-997C-F2AF67887E37}.Ad-Hoc|Any CPU.Deploy.0 = Debug|Any CPU
		{15B5E7F0-0E01-419D-997C-F2AF67887E37}.Ad-Hoc|iPhone.ActiveCfg = Debug|Any CPU
		{15B5E7F0-0E01-419D-997C-F2AF67887E37}.Ad-Hoc|iPhone.Build.0 = Debug|Any CPU
		{15B5E7F0-0E01-419D-997C-F2AF67887E37}.Ad-Hoc|iPhone.Deploy.0 = Debug|Any CPU
		{15B5E7F0-0E01-419D-997C-F2AF67887E37}.Ad-Hoc|iPhoneSimulator.ActiveCfg = Debug|Any CPU
		{15B5E7F0-0E01-419D-997C-F2AF67887E37}.Ad-Hoc|iPhoneSimulator.Build.0 = Debug|Any CPU
		{15B5E7F0-0E01-419D-997C-F2AF67887E37}.Ad-Hoc|iPhoneSimulator.Deploy.0 = Debug|Any CPU
		{15B5E7F0-0E01-419D-997C-F2AF67887E37}.AppStore|Any CPU.ActiveCfg = Debug|Any CPU
		{15B5E7F0-0E01-419D-997C-F2AF67887E37}.AppStore|Any CPU.Build.0 = Debug|Any CPU
		{15B5E7F0-0E01-419D-997C-F2AF67887E37}.AppStore|Any CPU.Deploy.0 = Debug|Any CPU
		{15B5E7F0-0E01-419D-997C-F2AF67887E37}.AppStore|iPhone.ActiveCfg = Debug|Any CPU
		{15B5E7F0-0E01-419D-997C-F2AF67887E37}.AppStore|iPhone.Build.0 = Debug|Any CPU
		{15B5E7F0-0E01-419D-997C-F2AF67887E37}.AppStore|iPhone.Deploy.0 = Debug|Any CPU
		{15B5E7F0-0E01-419D-997C-F2AF67887E37}.AppStore|iPhoneSimulator.ActiveCfg = Debug|Any CPU
		{15B5E7F0-0E01-419D-997C-F2AF67887E37}.AppStore|iPhoneSimulator.Build.0 = Debug|Any CPU
		{15B5E7F0-0E01-419D-997C-F2AF67887E37}.AppStore|iPhoneSimulator.Deploy.0 = Debug|Any CPU
		{15B5E7F0-0E01-419D-997C-F2AF67887E37}.Debug|Any CPU.ActiveCfg = Debug|Any CPU
		{15B5E7F0-0E01-419D-997C-F2AF67887E37}.Debug|Any CPU.Build.0 = Debug|Any CPU
		{15B5E7F0-0E01-419D-997C-F2AF67887E37}.Debug|Any CPU.Deploy.0 = Debug|Any CPU
		{15B5E7F0-0E01-419D-997C-F2AF67887E37}.Debug|iPhone.ActiveCfg = Debug|Any CPU
		{15B5E7F0-0E01-419D-997C-F2AF67887E37}.Debug|iPhone.Build.0 = Debug|Any CPU
		{15B5E7F0-0E01-419D-997C-F2AF67887E37}.Debug|iPhone.Deploy.0 = Debug|Any CPU
		{15B5E7F0-0E01-419D-997C-F2AF67887E37}.Debug|iPhoneSimulator.ActiveCfg = Debug|Any CPU
		{15B5E7F0-0E01-419D-997C-F2AF67887E37}.Debug|iPhoneSimulator.Build.0 = Debug|Any CPU
		{15B5E7F0-0E01-419D-997C-F2AF67887E37}.Debug|iPhoneSimulator.Deploy.0 = Debug|Any CPU
		{15B5E7F0-0E01-419D-997C-F2AF67887E37}.Release|Any CPU.ActiveCfg = Release|Any CPU
		{15B5E7F0-0E01-419D-997C-F2AF67887E37}.Release|Any CPU.Build.0 = Release|Any CPU
		{15B5E7F0-0E01-419D-997C-F2AF67887E37}.Release|Any CPU.Deploy.0 = Release|Any CPU
		{15B5E7F0-0E01-419D-997C-F2AF67887E37}.Release|iPhone.ActiveCfg = Release|Any CPU
		{15B5E7F0-0E01-419D-997C-F2AF67887E37}.Release|iPhone.Build.0 = Release|Any CPU
		{15B5E7F0-0E01-419D-997C-F2AF67887E37}.Release|iPhone.Deploy.0 = Release|Any CPU
		{15B5E7F0-0E01-419D-997C-F2AF67887E37}.Release|iPhoneSimulator.ActiveCfg = Release|Any CPU
		{15B5E7F0-0E01-419D-997C-F2AF67887E37}.Release|iPhoneSimulator.Build.0 = Release|Any CPU
		{15B5E7F0-0E01-419D-997C-F2AF67887E37}.Release|iPhoneSimulator.Deploy.0 = Release|Any CPU
	EndGlobalSection
	GlobalSection(SolutionProperties) = preSolution
		HideSolutionNode = FALSE
	EndGlobalSection
	GlobalSection(ExtensibilityGlobals) = postSolution
		SolutionGuid = {EBA14DBC-F132-460E-9217-8BE94E89B7D0}
	EndGlobalSection
EndGlobal
